
Microsoft Visual Studio Solution File, Format Version 12.00
# Visual Studio Version 17
VisualStudioVersion = 17.11.35208.52
MinimumVisualStudioVersion = 10.0.40219.1
Project("{FAE04EC0-301F-11D3-BF4B-00C04F79EFBC}") = "ConsoleAppGithub", "ConsoleAppGithub\ConsoleAppGithub.csproj", "{A3B6D1A6-B96B-4272-AC33-822FE8FE4A6F}"
EndProject
Global
	GlobalSection(SolutionConfigurationPlatforms) = preSolution
		Debug|Any CPU = Debug|Any CPU
		Release|Any CPU = Release|Any CPU
	EndGlobalSection
	GlobalSection(ProjectConfigurationPlatforms) = postSolution
		{A3B6D1A6-B96B-4272-AC33-822FE8FE4A6F}.Debug|Any CPU.ActiveCfg = Debug|Any CPU
		{A3B6D1A6-B96B-4272-AC33-822FE8FE4A6F}.Debug|Any CPU.Build.0 = Debug|Any CPU
		{A3B6D1A6-B96B-4272-AC33-822FE8FE4A6F}.Release|Any CPU.ActiveCfg = Release|Any CPU
		{A3B6D1A6-B96B-4272-AC33-822FE8FE4A6F}.Release|Any CPU.Build.0 = Release|Any CPU
	EndGlobalSection
	GlobalSection(SolutionProperties) = preSolution
		HideSolutionNode = FALSE
	EndGlobalSection
	GlobalSection(ExtensibilityGlobals) = postSolution
		SolutionGuid = {C6F58CF9-F9B6-43CF-82B3-5467141ADDE4}
	EndGlobalSection
EndGlobal
